// !$*UTF8*$!
{
	archiveVersion = 1;
	classes = {
	};
	objectVersion = 77;
	objects = {

/* Begin PBXBuildFile section */
		76E1AAF22F4D5D7B0086ED39 /* WidgetKit.framework in Frameworks */ = {isa = PBXBuildFile; fileRef = 76E1AAF12F4D5D7B0086ED39 /* WidgetKit.framework */; };
		76E1AAF42F4D5D7B0086ED39 /* SwiftUI.framework in Frameworks */ = {isa = PBXBuildFile; fileRef = 76E1AAF32F4D5D7B0086ED39 /* SwiftUI.framework */; };
		76E1AB032F4D5D7D0086ED39 /* SmartExpenseWidgetsExtension.appex in Embed Foundation Extensions */ = {isa = PBXBuildFile; fileRef = 76E1AAEF2F4D5D7B0086ED39 /* SmartExpenseWidgetsExtension.appex */; settings = {ATTRIBUTES = (RemoveHeadersOnCopy, ); }; };
/* End PBXBuildFile section */

/* Begin PBXContainerItemProxy section */
		76D642A12F29C46600752827 /* PBXContainerItemProxy */ = {
			isa = PBXContainerItemProxy;
			containerPortal = 76D642862F29C46400752827 /* Project object */;
			proxyType = 1;
			remoteGlobalIDString = 76D6428D2F29C46400752827;
			remoteInfo = SmartExpenseTracker;
		};
		76D642AB2F29C46600752827 /* PBXContainerItemProxy */ = {
			isa = PBXContainerItemProxy;
			containerPortal = 76D642862F29C46400752827 /* Project object */;
			proxyType = 1;
			remoteGlobalIDString = 76D6428D2F29C46400752827;
			remoteInfo = SmartExpenseTracker;
		};
		76E1AB012F4D5D7D0086ED39 /* PBXContainerItemProxy */ = {
			isa = PBXContainerItemProxy;
			containerPortal = 76D642862F29C46400752827 /* Project object */;
			proxyType = 1;
			remoteGlobalIDString = 76E1AAEE2F4D5D7B0086ED39;
			remoteInfo = SmartExpenseWidgetsExtension;
		};
/* End PBXContainerItemProxy section */

/* Begin PBXCopyFilesBuildPhase section */
		76E1AB082F4D5D7D0086ED39 /* Embed Foundation Extensions */ = {
			isa = PBXCopyFilesBuildPhase;
			buildActionMask = 2147483647;
			dstPath = "";
			dstSubfolderSpec = 13;
			files = (
				76E1AB032F4D5D7D0086ED39 /* SmartExpenseWidgetsExtension.appex in Embed Foundation Extensions */,
			);
			name = "Embed Foundation Extensions";
			runOnlyForDeploymentPostprocessing = 0;
		};
/* End PBXCopyFilesBuildPhase section */

/* Begin PBXFileReference section */
		76D6428E2F29C46400752827 /* SmartExpenseTracker.app */ = {isa = PBXFileReference; explicitFileType = wrapper.application; includeInIndex = 0; path = SmartExpenseTracker.app; sourceTree = BUILT_PRODUCTS_DIR; };
		76D642A02F29C46600752827 /* SmartExpenseTrackerTests.xctest */ = {isa = PBXFileReference; explicitFileType = wrapper.cfbundle; includeInIndex = 0; path = SmartExpenseTrackerTests.xctest; sourceTree = BUILT_PRODUCTS_DIR; };
		76D642AA2F29C46600752827 /* SmartExpenseTrackerUITests.xctest */ = {isa = PBXFileReference; explicitFileType = wrapper.cfbundle; includeInIndex = 0; path = SmartExpenseTrackerUITests.xctest; sourceTree = BUILT_PRODUCTS_DIR; };
		76E1AAEF2F4D5D7B0086ED39 /* SmartExpenseWidgetsExtension.appex */ = {isa = PBXFileReference; explicitFileType = "wrapper.app-extension"; includeInIndex = 0; path = SmartExpenseWidgetsExtension.appex; sourceTree = BUILT_PRODUCTS_DIR; };
		76E1AAF12F4D5D7B0086ED39 /* WidgetKit.framework */ = {isa = PBXFileReference; lastKnownFileType = wrapper.framework; name = WidgetKit.framework; path = System/Library/Frameworks/WidgetKit.framework; sourceTree = SDKROOT; };
		76E1AAF32F4D5D7B0086ED39 /* SwiftUI.framework */ = {isa = PBXFileReference; lastKnownFileType = wrapper.framework; name = SwiftUI.framework; path = System/Library/Frameworks/SwiftUI.framework; sourceTree = SDKROOT; };
		76E1AB092F4D5DC10086ED39 /* SmartExpenseWidgetsExtension.entitlements */ = {isa = PBXFileReference; lastKnownFileType = text.plist.entitlements; path = SmartExpenseWidgetsExtension.entitlements; sourceTree = "<group>"; };
/* End PBXFileReference section */

/* Begin PBXFileSystemSynchronizedBuildFileExceptionSet section */
		76E1AB042F4D5D7D0086ED39 /* Exceptions for "SmartExpenseWidgets" folder in "SmartExpenseWidgetsExtension" target */ = {
			isa = PBXFileSystemSynchronizedBuildFileExceptionSet;
			membershipExceptions = (
				Info.plist,
			);
			target = 76E1AAEE2F4D5D7B0086ED39 /* SmartExpenseWidgetsExtension */;
		};
		76E1AB0B2F4D6BB10086ED39 /* Exceptions for "SmartExpenseTracker" folder in "SmartExpenseWidgetsExtension" target */ = {
			isa = PBXFileSystemSynchronizedBuildFileExceptionSet;
			membershipExceptions = (
				Core/Data/Persistence.swift,
				"Core/Models/Transaction+Helper.swift",
				Features/Intents/QuickLogIntent.swift,
				Resources/SmartExpenseTracker.xcdatamodeld,
			);
			target = 76E1AAEE2F4D5D7B0086ED39 /* SmartExpenseWidgetsExtension */;
		};
/* End PBXFileSystemSynchronizedBuildFileExceptionSet section */

/* Begin PBXFileSystemSynchronizedRootGroup section */
		76D642902F29C46400752827 /* SmartExpenseTracker */ = {
			isa = PBXFileSystemSynchronizedRootGroup;
			exceptions = (
				76E1AB0B2F4D6BB10086ED39 /* Exceptions for "SmartExpenseTracker" folder in "SmartExpenseWidgetsExtension" target */,
			);
			path = SmartExpenseTracker;
			sourceTree = "<group>";
		};
		76D642A32F29C46600752827 /* SmartExpenseTrackerTests */ = {
			isa = PBXFileSystemSynchronizedRootGroup;
			path = SmartExpenseTrackerTests;
			sourceTree = "<group>";
		};
		76D642AD2F29C46600752827 /* SmartExpenseTrackerUITests */ = {
			isa = PBXFileSystemSynchronizedRootGroup;
			path = SmartExpenseTrackerUITests;
			sourceTree = "<group>";
		};
		76E1AAF52F4D5D7B0086ED39 /* SmartExpenseWidgets */ = {
			isa = PBXFileSystemSynchronizedRootGroup;
			exceptions = (
				76E1AB042F4D5D7D0086ED39 /* Exceptions for "SmartExpenseWidgets" folder in "SmartExpenseWidgetsExtension" target */,
			);
			path = SmartExpenseWidgets;
			sourceTree = "<group>";
		};
/* End PBXFileSystemSynchronizedRootGroup section */

/* Begin PBXFrameworksBuildPhase section */
		76D6428B2F29C46400752827 /* Frameworks */ = {
			isa = PBXFrameworksBuildPhase;
			buildActionMask = 2147483647;
			files = (
			);
			runOnlyForDeploymentPostprocessing = 0;
		};
		76D6429D2F29C46600752827 /* Frameworks */ = {
			isa = PBXFrameworksBuildPhase;
			buildActionMask = 2147483647;
			files = (
			);
			runOnlyForDeploymentPostprocessing = 0;
		};
		76D642A72F29C46600752827 /* Frameworks */ = {
			isa = PBXFrameworksBuildPhase;
			buildActionMask = 2147483647;
			files = (
			);
			runOnlyForDeploymentPostprocessing = 0;
		};
		76E1AAEC2F4D5D7B0086ED39 /* Frameworks */ = {
			isa = PBXFrameworksBuildPhase;
			buildActionMask = 2147483647;
			files = (
				76E1AAF42F4D5D7B0086ED39 /* SwiftUI.framework in Frameworks */,
				76E1AAF22F4D5D7B0086ED39 /* WidgetKit.framework in Frameworks */,
			);
			runOnlyForDeploymentPostprocessing = 0;
		};
/* End PBXFrameworksBuildPhase section */

/* Begin PBXGroup section */
		76D642852F29C46400752827 = {
			isa = PBXGroup;
			children = (
				76E1AB092F4D5DC10086ED39 /* SmartExpenseWidgetsExtension.entitlements */,
				76D642902F29C46400752827 /* SmartExpenseTracker */,
				76D642A32F29C46600752827 /* SmartExpenseTrackerTests */,
				76D642AD2F29C46600752827 /* SmartExpenseTrackerUITests */,
				76E1AAF52F4D5D7B0086ED39 /* SmartExpenseWidgets */,
				76E1AAF02F4D5D7B0086ED39 /* Frameworks */,
				76D6428F2F29C46400752827 /* Products */,
			);
			sourceTree = "<group>";
		};
		76D6428F2F29C46400752827 /* Products */ = {
			isa = PBXGroup;
			children = (
				76D6428E2F29C46400752827 /* SmartExpenseTracker.app */,
				76D642A02F29C46600752827 /* SmartExpenseTrackerTests.xctest */,
				76D642AA2F29C46600752827 /* SmartExpenseTrackerUITests.xctest */,
				76E1AAEF2F4D5D7B0086ED39 /* SmartExpenseWidgetsExtension.appex */,
			);
			name = Products;
			sourceTree = "<group>";
		};
		76E1AAF02F4D5D7B0086ED39 /* Frameworks */ = {
			isa = PBXGroup;
			children = (
				76E1AAF12F4D5D7B0086ED39 /* WidgetKit.framework */,
				76E1AAF32F4D5D7B0086ED39 /* SwiftUI.framework */,
			);
			name = Frameworks;
			sourceTree = "<group>";
		};
/* End PBXGroup section */

/* Begin PBXNativeTarget section */
		76D6428D2F29C46400752827 /* SmartExpenseTracker */ = {
			isa = PBXNativeTarget;
			buildConfigurationList = 76D642B42F29C46600752827 /* Build configuration list for PBXNativeTarget "SmartExpenseTracker" */;
			buildPhases = (
				76D6428A2F29C46400752827 /* Sources */,
				76D6428B2F29C46400752827 /* Frameworks */,
				76D6428C2F29C46400752827 /* Resources */,
				76E1AB082F4D5D7D0086ED39 /* Embed Foundation Extensions */,
			);
			buildRules = (
			);
			dependencies = (
				76E1AB022F4D5D7D0086ED39 /* PBXTargetDependency */,
			);
			fileSystemSynchronizedGroups = (
				76D642902F29C46400752827 /* SmartExpenseTracker */,
			);
			name = SmartExpenseTracker;
			packageProductDependencies = (
			);
			productName = SmartExpenseTracker;
			productReference = 76D6428E2F29C46400752827 /* SmartExpenseTracker.app */;
			productType = "com.apple.product-type.application";
		};
		76D6429F2F29C46600752827 /* SmartExpenseTrackerTests */ = {
			isa = PBXNativeTarget;
			buildConfigurationList = 76D642B72F29C46600752827 /* Build configuration list for PBXNativeTarget "SmartExpenseTrackerTests" */;
			buildPhases = (
				76D6429C2F29C46600752827 /* Sources */,
				76D6429D2F29C46600752827 /* Frameworks */,
				76D6429E2F29C46600752827 /* Resources */,
			);
			buildRules = (
			);
			dependencies = (
				76D642A22F29C46600752827 /* PBXTargetDependency */,
			);
			fileSystemSynchronizedGroups = (
				76D642A32F29C46600752827 /* SmartExpenseTrackerTests */,
			);
			name = SmartExpenseTrackerTests;
			packageProductDependencies = (
			);
			productName = SmartExpenseTrackerTests;
			productReference = 76D642A02F29C46600752827 /* SmartExpenseTrackerTests.xctest */;
			productType = "com.apple.product-type.bundle.unit-test";
		};
		76D642A92F29C46600752827 /* SmartExpenseTrackerUITests */ = {
			isa = PBXNativeTarget;
			buildConfigurationList = 76D642BA2F29C46600752827 /* Build configuration list for PBXNativeTarget "SmartExpenseTrackerUITests" */;
			buildPhases = (
				76D642A62F29C46600752827 /* Sources */,
				76D642A72F29C46600752827 /* Frameworks */,
				76D642A82F29C46600752827 /* Resources */,
			);
			buildRules = (
			);
			dependencies = (
				76D642AC2F29C46600752827 /* PBXTargetDependency */,
			);
			fileSystemSynchronizedGroups = (
				76D642AD2F29C46600752827 /* SmartExpenseTrackerUITests */,
			);
			name = SmartExpenseTrackerUITests;
			packageProductDependencies = (
			);
			productName = SmartExpenseTrackerUITests;
			productReference = 76D642AA2F29C46600752827 /* SmartExpenseTrackerUITests.xctest */;
			productType = "com.apple.product-type.bundle.ui-testing";
		};
		76E1AAEE2F4D5D7B0086ED39 /* SmartExpenseWidgetsExtension */ = {
			isa = PBXNativeTarget;
			buildConfigurationList = 76E1AB052F4D5D7D0086ED39 /* Build configuration list for PBXNativeTarget "SmartExpenseWidgetsExtension" */;
			buildPhases = (
				76E1AAEB2F4D5D7B0086ED39 /* Sources */,
				76E1AAEC2F4D5D7B0086ED39 /* Frameworks */,
				76E1AAED2F4D5D7B0086ED39 /* Resources */,
			);
			buildRules = (
			);
			dependencies = (
			);
			fileSystemSynchronizedGroups = (
				76E1AAF52F4D5D7B0086ED39 /* SmartExpenseWidgets */,
			);
			name = SmartExpenseWidgetsExtension;
			packageProductDependencies = (
			);
			productName = SmartExpenseWidgetsExtension;
			productReference = 76E1AAEF2F4D5D7B0086ED39 /* SmartExpenseWidgetsExtension.appex */;
			productType = "com.apple.product-type.app-extension";
		};
/* End PBXNativeTarget section */

/* Begin PBXProject section */
		76D642862F29C46400752827 /* Project object */ = {
			isa = PBXProject;
			attributes = {
				BuildIndependentTargetsInParallel = 1;
				LastSwiftUpdateCheck = 2620;
				LastUpgradeCheck = 2630;
				TargetAttributes = {
					76D6428D2F29C46400752827 = {
						CreatedOnToolsVersion = 26.2;
					};
					76D6429F2F29C46600752827 = {
						CreatedOnToolsVersion = 26.2;
						TestTargetID = 76D6428D2F29C46400752827;
					};
					76D642A92F29C46600752827 = {
						CreatedOnToolsVersion = 26.2;
						TestTargetID = 76D6428D2F29C46400752827;
					};
					76E1AAEE2F4D5D7B0086ED39 = {
						CreatedOnToolsVersion = 26.2;
					};
				};
			};
			buildConfigurationList = 76D642892F29C46400752827 /* Build configuration list for PBXProject "SmartExpenseTracker" */;
			developmentRegion = en;
			hasScannedForEncodings = 0;
			knownRegions = (
				en,
				Base,
			);
			mainGroup = 76D642852F29C46400752827;
			minimizedProjectReferenceProxies = 1;
			preferredProjectObjectVersion = 77;
			productRefGroup = 76D6428F2F29C46400752827 /* Products */;
			projectDirPath = "";
			projectRoot = "";
			targets = (
				76D6428D2F29C46400752827 /* SmartExpenseTracker */,
				76D6429F2F29C46600752827 /* SmartExpenseTrackerTests */,
				76D642A92F29C46600752827 /* SmartExpenseTrackerUITests */,
				76E1AAEE2F4D5D7B0086ED39 /* SmartExpenseWidgetsExtension */,
			);
		};
/* End PBXProject section */

/* Begin PBXResourcesBuildPhase section */
		76D6428C2F29C46400752827 /* Resources */ = {
			isa = PBXResourcesBuildPhase;
			buildActionMask = 2147483647;
			files = (
			);
			runOnlyForDeploymentPostprocessing = 0;
		};
		76D6429E2F29C46600752827 /* Resources */ = {
			isa = PBXResourcesBuildPhase;
			buildActionMask = 2147483647;
			files = (
			);
			runOnlyForDeploymentPostprocessing = 0;
		};
		76D642A82F29C46600752827 /* Resources */ = {
			isa = PBXResourcesBuildPhase;
			buildActionMask = 2147483647;
			files = (
			);
			runOnlyForDeploymentPostprocessing = 0;
		};
		76E1AAED2F4D5D7B0086ED39 /* Resources */ = {
			isa = PBXResourcesBuildPhase;
			buildActionMask = 2147483647;
			files = (
			);
			runOnlyForDeploymentPostprocessing = 0;
		};
/* End PBXResourcesBuildPhase section */

/* Begin PBXSourcesBuildPhase section */
		76D6428A2F29C46400752827 /* Sources */ = {
			isa = PBXSourcesBuildPhase;
			buildActionMask = 2147483647;
			files = (
			);
			runOnlyForDeploymentPostprocessing = 0;
		};
		76D6429C2F29C46600752827 /* Sources */ = {
			isa = PBXSourcesBuildPhase;
			buildActionMask = 2147483647;
			files = (
			);
			runOnlyForDeploymentPostprocessing = 0;
		};
		76D642A62F29C46600752827 /* Sources */ = {
			isa = PBXSourcesBuildPhase;
			buildActionMask = 2147483647;
			files = (
			);
			runOnlyForDeploymentPostprocessing = 0;
		};
		76E1AAEB2F4D5D7B0086ED39 /* Sources */ = {
			isa = PBXSourcesBuildPhase;
			buildActionMask = 2147483647;
			files = (
			);
			runOnlyForDeploymentPostprocessing = 0;
		};
/* End PBXSourcesBuildPhase section */

/* Begin PBXTargetDependency section */
		76D642A22F29C46600752827 /* PBXTargetDependency */ = {
			isa = PBXTargetDependency;
			target = 76D6428D2F29C46400752827 /* SmartExpenseTracker */;
			targetProxy = 76D642A12F29C46600752827 /* PBXContainerItemProxy */;
		};
		76D642AC2F29C46600752827 /* PBXTargetDependency */ = {
			isa = PBXTargetDependency;
			target = 76D6428D2F29C46400752827 /* SmartExpenseTracker */;
			targetProxy = 76D642AB2F29C46600752827 /* PBXContainerItemProxy */;
		};
		76E1AB022F4D5D7D0086ED39 /* PBXTargetDependency */ = {
			isa = PBXTargetDependency;
			target = 76E1AAEE2F4D5D7B0086ED39 /* SmartExpenseWidgetsExtension */;
			targetProxy = 76E1AB012F4D5D7D0086ED39 /* PBXContainerItemProxy */;
		};
/* End PBXTargetDependency section */

/* Begin XCBuildConfiguration section */
		76D642B22F29C46600752827 /* Debug */ = {
			isa = XCBuildConfiguration;
			buildSettings = {
				ALWAYS_SEARCH_USER_PATHS = NO;
				ASSETCATALOG_COMPILER_GENERATE_SWIFT_ASSET_SYMBOL_EXTENSIONS = YES;
				CLANG_ANALYZER_NONNULL = YES;
				CLANG_ANALYZER_NUMBER_OBJECT_CONVERSION = YES_AGGRESSIVE;
				CLANG_CXX_LANGUAGE_STANDARD = "gnu++20";
				CLANG_ENABLE_MODULES = YES;
				CLANG_ENABLE_OBJC_ARC = YES;
				CLANG_ENABLE_OBJC_WEAK = YES;
				CLANG_WARN_BLOCK_CAPTURE_AUTORELEASING = YES;
				CLANG_WARN_BOOL_CONVERSION = YES;
				CLANG_WARN_COMMA = YES;
				CLANG_WARN_CONSTANT_CONVERSION = YES;
				CLANG_WARN_DEPRECATED_OBJC_IMPLEMENTATIONS = YES;
				CLANG_WARN_DIRECT_OBJC_ISA_USAGE = YES_ERROR;
				CLANG_WARN_DOCUMENTATION_COMMENTS = YES;
				CLANG_WARN_EMPTY_BODY = YES;
				CLANG_WARN_ENUM_CONVERSION = YES;
				CLANG_WARN_INFINITE_RECURSION = YES;
				CLANG_WARN_INT_CONVERSION = YES;
				CLANG_WARN_NON_LITERAL_NULL_CONVERSION = YES;
				CLANG_WARN_OBJC_IMPLICIT_RETAIN_SELF = YES;
				CLANG_WARN_OBJC_LITERAL_CONVERSION = YES;
				CLANG_WARN_OBJC_ROOT_CLASS = YES_ERROR;
				CLANG_WARN_QUOTED_INCLUDE_IN_FRAMEWORK_HEADER = YES;
				CLANG_WARN_RANGE_LOOP_ANALYSIS = YES;
				CLANG_WARN_STRICT_PROTOTYPES = YES;
				CLANG_WARN_SUSPICIOUS_MOVE = YES;
				CLANG_WARN_UNGUARDED_AVAILABILITY = YES_AGGRESSIVE;
				CLANG_WARN_UNREACHABLE_CODE = YES;
				CLANG_WARN__DUPLICATE_METHOD_MATCH = YES;
				COPY_PHASE_STRIP = NO;
				DEBUG_INFORMATION_FORMAT = dwarf;
				DEVELOPMENT_TEAM = 685SA324NK;
				ENABLE_STRICT_OBJC_MSGSEND = YES;
				ENABLE_TESTABILITY = YES;
				ENABLE_USER_SCRIPT_SANDBOXING = YES;
				GCC_C_LANGUAGE_STANDARD = gnu17;
				GCC_DYNAMIC_NO_PIC = NO;
				GCC_NO_COMMON_BLOCKS = YES;
				GCC_OPTIMIZATION_LEVEL = 0;
				GCC_PREPROCESSOR_DEFINITIONS = (
					"DEBUG=1",
					"$(inherited)",
				);
				GCC_WARN_64_TO_32_BIT_CONVERSION = YES;
				GCC_WARN_ABOUT_RETURN_TYPE = YES_ERROR;
				GCC_WARN_UNDECLARED_SELECTOR = YES;
				GCC_WARN_UNINITIALIZED_AUTOS = YES_AGGRESSIVE;
				GCC_WARN_UNUSED_FUNCTION = YES;
				GCC_WARN_UNUSED_VARIABLE = YES;
				IPHONEOS_DEPLOYMENT_TARGET = 26.2;
				LOCALIZATION_PREFERS_STRING_CATALOGS = YES;
				MTL_ENABLE_DEBUG_INFO = INCLUDE_SOURCE;
				MTL_FAST_MATH = YES;
				ONLY_ACTIVE_ARCH = YES;
				SDKROOT = iphoneos;
				STRING_CATALOG_GENERATE_SYMBOLS = YES;
				SWIFT_ACTIVE_COMPILATION_CONDITIONS = "DEBUG $(inherited)";
				SWIFT_OPTIMIZATION_LEVEL = "-Onone";
			};
			name = Debug;
		};
		76D642B32F29C46600752827 /* Release */ = {
			isa = XCBuildConfiguration;
			buildSettings = {
				ALWAYS_SEARCH_USER_PATHS = NO;
				ASSETCATALOG_COMPILER_GENERATE_SWIFT_ASSET_SYMBOL_EXTENSIONS = YES;
				CLANG_ANALYZER_NONNULL = YES;
				CLANG_ANALYZER_NUMBER_OBJECT_CONVERSION = YES_AGGRESSIVE;
				CLANG_CXX_LANGUAGE_STANDARD = "gnu++20";
				CLANG_ENABLE_MODULES = YES;
				CLANG_ENABLE_OBJC_ARC = YES;
				CLANG_ENABLE_OBJC_WEAK = YES;
				CLANG_WARN_BLOCK_CAPTURE_AUTORELEASING = YES;
				CLANG_WARN_BOOL_CONVERSION = YES;
				CLANG_WARN_COMMA = YES;
				CLANG_WARN_CONSTANT_CONVERSION = YES;
				CLANG_WARN_DEPRECATED_OBJC_IMPLEMENTATIONS = YES;
				CLANG_WARN_DIRECT_OBJC_ISA_USAGE = YES_ERROR;
				CLANG_WARN_DOCUMENTATION_COMMENTS = YES;
				CLANG_WARN_EMPTY_BODY = YES;
				CLANG_WARN_ENUM_CONVERSION = YES;
				CLANG_WARN_INFINITE_RECURSION = YES;
				CLANG_WARN_INT_CONVERSION = YES;
				CLANG_WARN_NON_LITERAL_NULL_CONVERSION = YES;
				CLANG_WARN_OBJC_IMPLICIT_RETAIN_SELF = YES;
				CLANG_WARN_OBJC_LITERAL_CONVERSION = YES;
				CLANG_WARN_OBJC_ROOT_CLASS = YES_ERROR;
				CLANG_WARN_QUOTED_INCLUDE_IN_FRAMEWORK_HEADER = YES;
				CLANG_WARN_RANGE_LOOP_ANALYSIS = YES;
				CLANG_WARN_STRICT_PROTOTYPES = YES;
				CLANG_WARN_SUSPICIOUS_MOVE = YES;
				CLANG_WARN_UNGUARDED_AVAILABILITY = YES_AGGRESSIVE;
				CLANG_WARN_UNREACHABLE_CODE = YES;
				CLANG_WARN__DUPLICATE_METHOD_MATCH = YES;
				COPY_PHASE_STRIP = NO;
				DEBUG_INFORMATION_FORMAT = "dwarf-with-dsym";
				DEVELOPMENT_TEAM = 685SA324NK;
				ENABLE_NS_ASSERTIONS = NO;
				ENABLE_STRICT_OBJC_MSGSEND = YES;
				ENABLE_USER_SCRIPT_SANDBOXING = YES;
				GCC_C_LANGUAGE_STANDARD = gnu17;
				GCC_NO_COMMON_BLOCKS = YES;
				GCC_WARN_64_TO_32_BIT_CONVERSION = YES;
				GCC_WARN_ABOUT_RETURN_TYPE = YES_ERROR;
				GCC_WARN_UNDECLARED_SELECTOR = YES;
				GCC_WARN_UNINITIALIZED_AUTOS = YES_AGGRESSIVE;
				GCC_WARN_UNUSED_FUNCTION = YES;
				GCC_WARN_UNUSED_VARIABLE = YES;
				IPHONEOS_DEPLOYMENT_TARGET = 26.2;
				LOCALIZATION_PREFERS_STRING_CATALOGS = YES;
				MTL_ENABLE_DEBUG_INFO = NO;
				MTL_FAST_MATH = YES;
				SDKROOT = iphoneos;
				STRING_CATALOG_GENERATE_SYMBOLS = YES;
				SWIFT_COMPILATION_MODE = wholemodule;
				VALIDATE_PRODUCT = YES;
			};
			name = Release;
		};
		76D642B52F29C46600752827 /* Debug */ = {
			isa = XCBuildConfiguration;
			buildSettings = {
				ASSETCATALOG_COMPILER_APPICON_NAME = AppIcon;
				ASSETCATALOG_COMPILER_GLOBAL_ACCENT_COLOR_NAME = AccentColor;
				CODE_SIGN_ENTITLEMENTS = SmartExpenseTracker/SmartExpenseTracker.entitlements;
				CODE_SIGN_STYLE = Automatic;
				CURRENT_PROJECT_VERSION = 1;
				ENABLE_PREVIEWS = YES;
				GENERATE_INFOPLIST_FILE = YES;
				INFOPLIST_KEY_UIApplicationSceneManifest_Generation = YES;
				INFOPLIST_KEY_UIApplicationSupportsIndirectInputEvents = YES;
				INFOPLIST_KEY_UILaunchScreen_Generation = YES;
				INFOPLIST_KEY_UISupportedInterfaceOrientations_iPad = "UIInterfaceOrientationPortrait UIInterfaceOrientationPortraitUpsideDown UIInterfaceOrientationLandscapeLeft UIInterfaceOrientationLandscapeRight";
				INFOPLIST_KEY_UISupportedInterfaceOrientations_iPhone = "UIInterfaceOrientationPortrait UIInterfaceOrientationLandscapeLeft UIInterfaceOrientationLandscapeRight";
				LD_RUNPATH_SEARCH_PATHS = (
					"$(inherited)",
					"@executable_path/Frameworks",
				);
				MARKETING_VERSION = 1.0;
				PRODUCT_BUNDLE_IDENTIFIER = Sumit.SmartExpenseTracker;
				PRODUCT_NAME = "$(TARGET_NAME)";
				STRING_CATALOG_GENERATE_SYMBOLS = YES;
				SWIFT_APPROACHABLE_CONCURRENCY = YES;
				SWIFT_DEFAULT_ACTOR_ISOLATION = MainActor;
				SWIFT_EMIT_LOC_STRINGS = YES;
				SWIFT_UPCOMING_FEATURE_MEMBER_IMPORT_VISIBILITY = YES;
				SWIFT_VERSION = 5.0;
				TARGETED_DEVICE_FAMILY = "1,2";
			};
			name = Debug;
		};
		76D642B62F29C46600752827 /* Release */ = {
			isa = XCBuildConfiguration;
			buildSettings = {
				ASSETCATALOG_COMPILER_APPICON_NAME = AppIcon;
				ASSETCATALOG_COMPILER_GLOBAL_ACCENT_COLOR_NAME = AccentColor;
				CODE_SIGN_ENTITLEMENTS = SmartExpenseTracker/SmartExpenseTracker.entitlements;
				CODE_SIGN_STYLE = Automatic;
				CURRENT_PROJECT_VERSION = 1;
				ENABLE_PREVIEWS = YES;
				GENERATE_INFOPLIST_FILE = YES;
				INFOPLIST_KEY_UIApplicationSceneManifest_Generation = YES;
				INFOPLIST_KEY_UIApplicationSupportsIndirectInputEvents = YES;
				INFOPLIST_KEY_UILaunchScreen_Generation = YES;
				INFOPLIST_KEY_UISupportedInterfaceOrientations_iPad = "UIInterfaceOrientationPortrait UIInterfaceOrientationPortraitUpsideDown UIInterfaceOrientationLandscapeLeft UIInterfaceOrientationLandscapeRight";
				INFOPLIST_KEY_UISupportedInterfaceOrientations_iPhone = "UIInterfaceOrientationPortrait UIInterfaceOrientationLandscapeLeft UIInterfaceOrientationLandscapeRight";
				LD_RUNPATH_SEARCH_PATHS = (
					"$(inherited)",
					"@executable_path/Frameworks",
				);
				MARKETING_VERSION = 1.0;
				PRODUCT_BUNDLE_IDENTIFIER = Sumit.SmartExpenseTracker;
				PRODUCT_NAME = "$(TARGET_NAME)";
				STRING_CATALOG_GENERATE_SYMBOLS = YES;
				SWIFT_APPROACHABLE_CONCURRENCY = YES;
				SWIFT_DEFAULT_ACTOR_ISOLATION = MainActor;
				SWIFT_EMIT_LOC_STRINGS = YES;
				SWIFT_UPCOMING_FEATURE_MEMBER_IMPORT_VISIBILITY = YES;
				SWIFT_VERSION = 5.0;
				TARGETED_DEVICE_FAMILY = "1,2";
			};
			name = Release;
		};
		76D642B82F29C46600752827 /* Debug */ = {
			isa = XCBuildConfiguration;
			buildSettings = {
				BUNDLE_LOADER = "$(TEST_HOST)";
				CODE_SIGN_STYLE = Automatic;
				CURRENT_PROJECT_VERSION = 1;
				GENERATE_INFOPLIST_FILE = YES;
				IPHONEOS_DEPLOYMENT_TARGET = 26.2;
				MARKETING_VERSION = 1.0;
				PRODUCT_BUNDLE_IDENTIFIER = Sumit.SmartExpenseTrackerTests;
				PRODUCT_NAME = "$(TARGET_NAME)";
				STRING_CATALOG_GENERATE_SYMBOLS = NO;
				SWIFT_APPROACHABLE_CONCURRENCY = YES;
				SWIFT_EMIT_LOC_STRINGS = NO;
				SWIFT_UPCOMING_FEATURE_MEMBER_IMPORT_VISIBILITY = YES;
				SWIFT_VERSION = 5.0;
				TARGETED_DEVICE_FAMILY = "1,2";
				TEST_HOST = "$(BUILT_PRODUCTS_DIR)/SmartExpenseTracker.app/$(BUNDLE_EXECUTABLE_FOLDER_PATH)/SmartExpenseTracker";
			};
			name = Debug;
		};
		76D642B92F29C46600752827 /* Release */ = {
			isa = XCBuildConfiguration;
			buildSettings = {
				BUNDLE_LOADER = "$(TEST_HOST)";
				CODE_SIGN_STYLE = Automatic;
				CURRENT_PROJECT_VERSION = 1;
				GENERATE_INFOPLIST_FILE = YES;
				IPHONEOS_DEPLOYMENT_TARGET = 26.2;
				MARKETING_VERSION = 1.0;
				PRODUCT_BUNDLE_IDENTIFIER = Sumit.SmartExpenseTrackerTests;
				PRODUCT_NAME = "$(TARGET_NAME)";
				STRING_CATALOG_GENERATE_SYMBOLS = NO;
				SWIFT_APPROACHABLE_CONCURRENCY = YES;
				SWIFT_EMIT_LOC_STRINGS = NO;
				SWIFT_UPCOMING_FEATURE_MEMBER_IMPORT_VISIBILITY = YES;
				SWIFT_VERSION = 5.0;
				TARGETED_DEVICE_FAMILY = "1,2";
				TEST_HOST = "$(BUILT_PRODUCTS_DIR)/SmartExpenseTracker.app/$(BUNDLE_EXECUTABLE_FOLDER_PATH)/SmartExpenseTracker";
			};
			name = Release;
		};
		76D642BB2F29C46600752827 /* Debug */ = {
			isa = XCBuildConfiguration;
			buildSettings = {
				CODE_SIGN_STYLE = Automatic;
				CURRENT_PROJECT_VERSION = 1;
				GENERATE_INFOPLIST_FILE = YES;
				MARKETING_VERSION = 1.0;
				PRODUCT_BUNDLE_IDENTIFIER = Sumit.SmartExpenseTrackerUITests;
				PRODUCT_NAME = "$(TARGET_NAME)";
				STRING_CATALOG_GENERATE_SYMBOLS = NO;
				SWIFT_APPROACHABLE_CONCURRENCY = YES;
				SWIFT_EMIT_LOC_STRINGS = NO;
				SWIFT_UPCOMING_FEATURE_MEMBER_IMPORT_VISIBILITY = YES;
				SWIFT_VERSION = 5.0;
				TARGETED_DEVICE_FAMILY = "1,2";
				TEST_TARGET_NAME = SmartExpenseTracker;
			};
			name = Debug;
		};
		76D642BC2F29C46600752827 /* Release */ = {
			isa = XCBuildConfiguration;
			buildSettings = {
				CODE_SIGN_STYLE = Automatic;
				CURRENT_PROJECT_VERSION = 1;
				GENERATE_INFOPLIST_FILE = YES;
				MARKETING_VERSION = 1.0;
				PRODUCT_BUNDLE_IDENTIFIER = Sumit.SmartExpenseTrackerUITests;
				PRODUCT_NAME = "$(TARGET_NAME)";
				STRING_CATALOG_GENERATE_SYMBOLS = NO;
				SWIFT_APPROACHABLE_CONCURRENCY = YES;
				SWIFT_EMIT_LOC_STRINGS = NO;
				SWIFT_UPCOMING_FEATURE_MEMBER_IMPORT_VISIBILITY = YES;
				SWIFT_VERSION = 5.0;
				TARGETED_DEVICE_FAMILY = "1,2";
				TEST_TARGET_NAME = SmartExpenseTracker;
			};
			name = Release;
		};
		76E1AB062F4D5D7D0086ED39 /* Debug */ = {
			isa = XCBuildConfiguration;
			buildSettings = {
				ASSETCATALOG_COMPILER_GLOBAL_ACCENT_COLOR_NAME = AccentColor;
				ASSETCATALOG_COMPILER_WIDGET_BACKGROUND_COLOR_NAME = WidgetBackground;
				CODE_SIGN_ENTITLEMENTS = SmartExpenseWidgetsExtension.entitlements;
				CODE_SIGN_STYLE = Automatic;
				CURRENT_PROJECT_VERSION = 1;
				GENERATE_INFOPLIST_FILE = YES;
				INFOPLIST_FILE = SmartExpenseWidgets/Info.plist;
				INFOPLIST_KEY_CFBundleDisplayName = SmartExpenseWidgets;
				INFOPLIST_KEY_NSHumanReadableCopyright = "";
				LD_RUNPATH_SEARCH_PATHS = (
					"$(inherited)",
					"@executable_path/Frameworks",
					"@executable_path/../../Frameworks",
				);
				MARKETING_VERSION = 1.0;
				PRODUCT_BUNDLE_IDENTIFIER = Sumit.SmartExpenseTracker.SmartExpenseWidgets;
				PRODUCT_NAME = "$(TARGET_NAME)";
				SKIP_INSTALL = YES;
				STRING_CATALOG_GENERATE_SYMBOLS = YES;
				SWIFT_APPROACHABLE_CONCURRENCY = YES;
				SWIFT_EMIT_LOC_STRINGS = YES;
				SWIFT_UPCOMING_FEATURE_MEMBER_IMPORT_VISIBILITY = YES;
				SWIFT_VERSION = 5.0;
				TARGETED_DEVICE_FAMILY = "1,2";
			};
			name = Debug;
		};
		76E1AB072F4D5D7D0086ED39 /* Release */ = {
			isa = XCBuildConfiguration;
			buildSettings = {
				ASSETCATALOG_COMPILER_GLOBAL_ACCENT_COLOR_NAME = AccentColor;
				ASSETCATALOG_COMPILER_WIDGET_BACKGROUND_COLOR_NAME = WidgetBackground;
				CODE_SIGN_ENTITLEMENTS = SmartExpenseWidgetsExtension.entitlements;
				CODE_SIGN_STYLE = Automatic;
				CURRENT_PROJECT_VERSION = 1;
				GENERATE_INFOPLIST_FILE = YES;
				INFOPLIST_FILE = SmartExpenseWidgets/Info.plist;
				INFOPLIST_KEY_CFBundleDisplayName = SmartExpenseWidgets;
				INFOPLIST_KEY_NSHumanReadableCopyright = "";
				LD_RUNPATH_SEARCH_PATHS = (
					"$(inherited)",
					"@executable_path/Frameworks",
					"@executable_path/../../Frameworks",
				);
				MARKETING_VERSION = 1.0;
				PRODUCT_BUNDLE_IDENTIFIER = Sumit.SmartExpenseTracker.SmartExpenseWidgets;
				PRODUCT_NAME = "$(TARGET_NAME)";
				SKIP_INSTALL = YES;
				STRING_CATALOG_GENERATE_SYMBOLS = YES;
				SWIFT_APPROACHABLE_CONCURRENCY = YES;
				SWIFT_EMIT_LOC_STRINGS = YES;
				SWIFT_UPCOMING_FEATURE_MEMBER_IMPORT_VISIBILITY = YES;
				SWIFT_VERSION = 5.0;
				TARGETED_DEVICE_FAMILY = "1,2";
			};
			name = Release;
		};
/* End XCBuildConfiguration section */

/* Begin XCConfigurationList section */
		76D642892F29C46400752827 /* Build configuration list for PBXProject "SmartExpenseTracker" */ = {
			isa = XCConfigurationList;
			buildConfigurations = (
				76D642B22F29C46600752827 /* Debug */,
				76D642B32F29C46600752827 /* Release */,
			);
			defaultConfigurationIsVisible = 0;
			defaultConfigurationName = Release;
		};
		76D642B42F29C46600752827 /* Build configuration list for PBXNativeTarget "SmartExpenseTracker" */ = {
			isa = XCConfigurationList;
			buildConfigurations = (
				76D642B52F29C46600752827 /* Debug */,
				76D642B62F29C46600752827 /* Release */,
			);
			defaultConfigurationIsVisible = 0;
			defaultConfigurationName = Release;
		};
		76D642B72F29C46600752827 /* Build configuration list for PBXNativeTarget "SmartExpenseTrackerTests" */ = {
			isa = XCConfigurationList;
			buildConfigurations = (
				76D642B82F29C46600752827 /* Debug */,
				76D642B92F29C46600752827 /* Release */,
			);
			defaultConfigurationIsVisible = 0;
			defaultConfigurationName = Release;
		};
		76D642BA2F29C46600752827 /* Build configuration list for PBXNativeTarget "SmartExpenseTrackerUITests" */ = {
			isa = XCConfigurationList;
			buildConfigurations = (
				76D642BB2F29C46600752827 /* Debug */,
				76D642BC2F29C46600752827 /* Release */,
			);
			defaultConfigurationIsVisible = 0;
			defaultConfigurationName = Release;
		};
		76E1AB052F4D5D7D0086ED39 /* Build configuration list for PBXNativeTarget "SmartExpenseWidgetsExtension" */ = {
			isa = XCConfigurationList;
			buildConfigurations = (
				76E1AB062F4D5D7D0086ED39 /* Debug */,
				76E1AB072F4D5D7D0086ED39 /* Release */,
			);
			defaultConfigurationIsVisible = 0;
			defaultConfigurationName = Release;
		};
/* End XCConfigurationList section */
	};
	rootObject = 76D642862F29C46400752827 /* Project object */;
}
